
Microsoft Visual Studio Solution File, Format Version 12.00
# Visual Studio 15
VisualStudioVersion = 15.0.28010.2036
MinimumVisualStudioVersion = 10.0.40219.1
Project("{FAE04EC0-301F-11D3-BF4B-00C04F79EFBC}") = "BuyAShoeAssignment", "BuyAShoeAssignment\BuyAShoeAssignment.csproj", "{A84EBDCB-6FB4-4C7F-AC73-233897AAEC7B}"
EndProject
Global
	GlobalSection(SolutionConfigurationPlatforms) = preSolution
		Debug|Any CPU = Debug|Any CPU
		Release|Any CPU = Release|Any CPU
	EndGlobalSection
	GlobalSection(ProjectConfigurationPlatforms) = postSolution
		{A84EBDCB-6FB4-4C7F-AC73-233897AAEC7B}.Debug|Any CPU.ActiveCfg = Debug|Any CPU
		{A84EBDCB-6FB4-4C7F-AC73-233897AAEC7B}.Debug|Any CPU.Build.0 = Debug|Any CPU
		{A84EBDCB-6FB4-4C7F-AC73-233897AAEC7B}.Release|Any CPU.ActiveCfg = Release|Any CPU
		{A84EBDCB-6FB4-4C7F-AC73-233897AAEC7B}.Release|Any CPU.Build.0 = Release|Any CPU
	EndGlobalSection
	GlobalSection(SolutionProperties) = preSolution
		HideSolutionNode = FALSE
	EndGlobalSection
	GlobalSection(ExtensibilityGlobals) = postSolution
		SolutionGuid = {D8445C8D-8A61-40D3-8450-634CA149E61B}
	EndGlobalSection
EndGlobal
